
Microsoft Visual Studio Solution File, Format Version 12.00
# Visual Studio 2012
Project("{FAE04EC0-301F-11D3-BF4B-00C04F79EFBC}") = "GUI", "GUI\GUI.csproj", "{C1AA16BA-6D56-498B-A0E3-A2755AF1B754}"
EndProject
Project("{FAE04EC0-301F-11D3-BF4B-00C04F79EFBC}") = "BE", "BE\BE.csproj", "{05C002E1-EBA7-4742-8EBB-C05B1DB9B232}"
EndProject
Project("{FAE04EC0-301F-11D3-BF4B-00C04F79EFBC}") = "BLL", "BLL\BLL.csproj", "{F1CAF350-9D06-424C-89BF-33AF5D1D4185}"
EndProject
Project("{FAE04EC0-301F-11D3-BF4B-00C04F79EFBC}") = "DAL", "DAL\DAL.csproj", "{F4AF16D7-61B5-4129-AF89-C2218930C64A}"
EndProject
Global
	GlobalSection(SolutionConfigurationPlatforms) = preSolution
		Debug|Any CPU = Debug|Any CPU
		Release|Any CPU = Release|Any CPU
	EndGlobalSection
	GlobalSection(ProjectConfigurationPlatforms) = postSolution
		{C1AA16BA-6D56-498B-A0E3-A2755AF1B754}.Debug|Any CPU.ActiveCfg = Debug|Any CPU
		{C1AA16BA-6D56-498B-A0E3-A2755AF1B754}.Debug|Any CPU.Build.0 = Debug|Any CPU
		{C1AA16BA-6D56-498B-A0E3-A2755AF1B754}.Release|Any CPU.ActiveCfg = Release|Any CPU
		{C1AA16BA-6D56-498B-A0E3-A2755AF1B754}.Release|Any CPU.Build.0 = Release|Any CPU
		{05C002E1-EBA7-4742-8EBB-C05B1DB9B232}.Debug|Any CPU.ActiveCfg = Debug|Any CPU
		{05C002E1-EBA7-4742-8EBB-C05B1DB9B232}.Debug|Any CPU.Build.0 = Debug|Any CPU
		{05C002E1-EBA7-4742-8EBB-C05B1DB9B232}.Release|Any CPU.ActiveCfg = Release|Any CPU
		{05C002E1-EBA7-4742-8EBB-C05B1DB9B232}.Release|Any CPU.Build.0 = Release|Any CPU
		{F1CAF350-9D06-424C-89BF-33AF5D1D4185}.Debug|Any CPU.ActiveCfg = Debug|Any CPU
		{F1CAF350-9D06-424C-89BF-33AF5D1D4185}.Debug|Any CPU.Build.0 = Debug|Any CPU
		{F1CAF350-9D06-424C-89BF-33AF5D1D4185}.Release|Any CPU.ActiveCfg = Release|Any CPU
		{F1CAF350-9D06-424C-89BF-33AF5D1D4185}.Release|Any CPU.Build.0 = Release|Any CPU
		{F4AF16D7-61B5-4129-AF89-C2218930C64A}.Debug|Any CPU.ActiveCfg = Debug|Any CPU
		{F4AF16D7-61B5-4129-AF89-C2218930C64A}.Debug|Any CPU.Build.0 = Debug|Any CPU
		{F4AF16D7-61B5-4129-AF89-C2218930C64A}.Release|Any CPU.ActiveCfg = Release|Any CPU
		{F4AF16D7-61B5-4129-AF89-C2218930C64A}.Release|Any CPU.Build.0 = Release|Any CPU
	EndGlobalSection
	GlobalSection(SolutionProperties) = preSolution
		HideSolutionNode = FALSE
	EndGlobalSection
EndGlobal
